hash: 85200b81cce31879eb6d6f2e3643ab4aad6d1a4a37f922bfb95beccf650c86d7
updated: 2019-11-13T19:27:04.449707022Z
imports:
- name: github.com/codegangsta/negroni
  version: c6a59be0ce122566695fbd5e48a77f8f10c8a63a
- name: github.com/julienschmidt/httprouter
  version: 4eec211fa4e8df74ed978dc5681612131854144f
- name: github.com/mattn/go-sqlite3
  version: b612a2feea6aa87c6d052d9086572551df06497e
- name: github.com/russross/blackfriday
  version: d3b5b032dc8e8927d31a5071b56e14c89f045135
- name: gopkg.in/unrolled/render.v1
  version: 7fc1b8f68b9beddc94385fd212c293caf729277a
testImports: []
